
Microsoft Visual Studio Solution File, Format Version 12.00
# Visual Studio Version 17
VisualStudioVersion = 17.1.32407.343
MinimumVisualStudioVersion = 10.0.40219.1
Project("{E24C65DC-7377-472B-9ABA-BC803B73C61A}") = "SuaahWWW", "SuaahWWW\", "{FF10C747-F5BE-44B5-B1E0-A1D28FFB601D}"
	ProjectSection(WebsiteProperties) = preProject
		TargetFrameworkMoniker = ".NETFramework,Version%3Dv4.8"
		Debug.AspNetCompiler.VirtualPath = "/localhost_49580"
		Debug.AspNetCompiler.PhysicalPath = "SuaahWWW\"
		Debug.AspNetCompiler.TargetPath = "PrecompiledWeb\localhost_49580\"
		Debug.AspNetCompiler.Updateable = "true"
		Debug.AspNetCompiler.ForceOverwrite = "true"
		Debug.AspNetCompiler.FixedNames = "false"
		Debug.AspNetCompiler.Debug = "True"
		Release.AspNetCompiler.VirtualPath = "/localhost_49580"
		Release.AspNetCompiler.PhysicalPath = "SuaahWWW\"
		Release.AspNetCompiler.TargetPath = "PrecompiledWeb\localhost_49580\"
		Release.AspNetCompiler.Updateable = "true"
		Release.AspNetCompiler.ForceOverwrite = "true"
		Release.AspNetCompiler.FixedNames = "false"
		Release.AspNetCompiler.Debug = "False"
		VWDPort = "49580"
		SlnRelativePath = "SuaahWWW\"
		DefaultWebSiteLanguage = "Visual C#"
	EndProjectSection
EndProject
Global
	GlobalSection(SolutionConfigurationPlatforms) = preSolution
		Debug|Any CPU = Debug|Any CPU
	EndGlobalSection
	GlobalSection(ProjectConfigurationPlatforms) = postSolution
		{FF10C747-F5BE-44B5-B1E0-A1D28FFB601D}.Debug|Any CPU.ActiveCfg = Debug|Any CPU
		{FF10C747-F5BE-44B5-B1E0-A1D28FFB601D}.Debug|Any CPU.Build.0 = Debug|Any CPU
	EndGlobalSection
	GlobalSection(SolutionProperties) = preSolution
		HideSolutionNode = FALSE
	EndGlobalSection
	GlobalSection(ExtensibilityGlobals) = postSolution
		SolutionGuid = {9A595FEC-A5A6-40FD-9957-68B9E2DA859F}
	EndGlobalSection
EndGlobal
